// !$*UTF8*$!
{
	archiveVersion = 1;
	classes = {
	};
	objectVersion = 56;
	objects = {

/* Begin PBXBuildFile section */
		846622932AC6209B0027A19B /* TwoPApp.swift in Sources */ = {isa = PBXBuildFile; fileRef = 846622922AC6209B0027A19B /* TwoPApp.swift */; };
		846622952AC6209B0027A19B /* ContentView.swift in Sources */ = {isa = PBXBuildFile; fileRef = 846622942AC6209B0027A19B /* ContentView.swift */; };
		846622972AC6209C0027A19B /* Assets.xcassets in Resources */ = {isa = PBXBuildFile; fileRef = 846622962AC6209C0027A19B /* Assets.xcassets */; };
		8466229A2AC6209C0027A19B /* Preview Assets.xcassets in Resources */ = {isa = PBXBuildFile; fileRef = 846622992AC6209C0027A19B /* Preview Assets.xcassets */; };
		8466229C2AC6209C0027A19B /* Persistence.swift in Sources */ = {isa = PBXBuildFile; fileRef = 8466229B2AC6209C0027A19B /* Persistence.swift */; };
		8466229F2AC6209C0027A19B /* TwoP.xcdatamodeld in Sources */ = {isa = PBXBuildFile; fileRef = 8466229D2AC6209C0027A19B /* TwoP.xcdatamodeld */; };
		846622A72AC6216F0027A19B /* WelcomeScreenView.swift in Sources */ = {isa = PBXBuildFile; fileRef = 846622A62AC6216F0027A19B /* WelcomeScreenView.swift */; };
		846622A92AC621BC0027A19B /* LogInView.swift in Sources */ = {isa = PBXBuildFile; fileRef = 846622A82AC621BC0027A19B /* LogInView.swift */; };
		846622AB2AC621E30027A19B /* SignUpView.swift in Sources */ = {isa = PBXBuildFile; fileRef = 846622AA2AC621E30027A19B /* SignUpView.swift */; };
		846622AE2AC622160027A19B /* MainMenuScreens.swift in Sources */ = {isa = PBXBuildFile; fileRef = 846622AD2AC622160027A19B /* MainMenuScreens.swift */; };
		846622B02AC622330027A19B /* HomeScreen.swift in Sources */ = {isa = PBXBuildFile; fileRef = 846622AF2AC622330027A19B /* HomeScreen.swift */; };
		846622B22AC6224F0027A19B /* TasksScreen.swift in Sources */ = {isa = PBXBuildFile; fileRef = 846622B12AC6224F0027A19B /* TasksScreen.swift */; };
		846622B42AC6229B0027A19B /* P2PScreen.swift in Sources */ = {isa = PBXBuildFile; fileRef = 846622B32AC6229B0027A19B /* P2PScreen.swift */; };
		846622B72AC622C50027A19B /* FriendsScreen.swift in Sources */ = {isa = PBXBuildFile; fileRef = 846622B62AC622C50027A19B /* FriendsScreen.swift */; };
		846622B92AC622DC0027A19B /* ProfileScreen.swift in Sources */ = {isa = PBXBuildFile; fileRef = 846622B82AC622DC0027A19B /* ProfileScreen.swift */; };
		846622BC2AC623120027A19B /* FriendChattingView.swift in Sources */ = {isa = PBXBuildFile; fileRef = 846622BB2AC623120027A19B /* FriendChattingView.swift */; };
		846622BE2AC6234B0027A19B /* ConnectView.swift in Sources */ = {isa = PBXBuildFile; fileRef = 846622BD2AC6234B0027A19B /* ConnectView.swift */; };
		846622C02AC6236A0027A19B /* VideoCallingView.swift in Sources */ = {isa = PBXBuildFile; fileRef = 846622BF2AC6236A0027A19B /* VideoCallingView.swift */; };
		846622C32AC623D30027A19B /* CustomView.swift in Sources */ = {isa = PBXBuildFile; fileRef = 846622C22AC623D30027A19B /* CustomView.swift */; };
/* End PBXBuildFile section */

/* Begin PBXFileReference section */
		8466228F2AC6209B0027A19B /* TwoP.app */ = {isa = PBXFileReference; explicitFileType = wrapper.application; includeInIndex = 0; path = TwoP.app; sourceTree = BUILT_PRODUCTS_DIR; };
		846622922AC6209B0027A19B /* TwoPApp.swift */ = {isa = PBXFileReference; lastKnownFileType = sourcecode.swift; path = TwoPApp.swift; sourceTree = "<group>"; };
		846622942AC6209B0027A19B /* ContentView.swift */ = {isa = PBXFileReference; lastKnownFileType = sourcecode.swift; path = ContentView.swift; sourceTree = "<group>"; };
		846622962AC6209C0027A19B /* Assets.xcassets */ = {isa = PBXFileReference; lastKnownFileType = folder.assetcatalog; path = Assets.xcassets; sourceTree = "<group>"; };
		846622992AC6209C0027A19B /* Preview Assets.xcassets */ = {isa = PBXFileReference; lastKnownFileType = folder.assetcatalog; path = "Preview Assets.xcassets"; sourceTree = "<group>"; };
		8466229B2AC6209C0027A19B /* Persistence.swift */ = {isa = PBXFileReference; lastKnownFileType = sourcecode.swift; path = Persistence.swift; sourceTree = "<group>"; };
		8466229E2AC6209C0027A19B /* TwoP.xcdatamodel */ = {isa = PBXFileReference; lastKnownFileType = wrapper.xcdatamodel; path = TwoP.xcdatamodel; sourceTree = "<group>"; };
		846622A62AC6216F0027A19B /* WelcomeScreenView.swift */ = {isa = PBXFileReference; lastKnownFileType = sourcecode.swift; path = WelcomeScreenView.swift; sourceTree = "<group>"; };
		846622A82AC621BC0027A19B /* LogInView.swift */ = {isa = PBXFileReference; lastKnownFileType = sourcecode.swift; path = LogInView.swift; sourceTree = "<group>"; };
		846622AA2AC621E30027A19B /* SignUpView.swift */ = {isa = PBXFileReference; lastKnownFileType = sourcecode.swift; path = SignUpView.swift; sourceTree = "<group>"; };
		846622AD2AC622160027A19B /* MainMenuScreens.swift */ = {isa = PBXFileReference; lastKnownFileType = sourcecode.swift; path = MainMenuScreens.swift; sourceTree = "<group>"; };
		846622AF2AC622330027A19B /* HomeScreen.swift */ = {isa = PBXFileReference; lastKnownFileType = sourcecode.swift; path = HomeScreen.swift; sourceTree = "<group>"; };
		846622B12AC6224F0027A19B /* TasksScreen.swift */ = {isa = PBXFileReference; lastKnownFileType = sourcecode.swift; path = TasksScreen.swift; sourceTree = "<group>"; };
		846622B32AC6229B0027A19B /* P2PScreen.swift */ = {isa = PBXFileReference; lastKnownFileType = sourcecode.swift; path = P2PScreen.swift; sourceTree = "<group>"; };
		846622B62AC622C50027A19B /* FriendsScreen.swift */ = {isa = PBXFileReference; lastKnownFileType = sourcecode.swift; path = FriendsScreen.swift; sourceTree = "<group>"; };
		846622B82AC622DC0027A19B /* ProfileScreen.swift */ = {isa = PBXFileReference; lastKnownFileType = sourcecode.swift; path = ProfileScreen.swift; sourceTree = "<group>"; };
		846622BB2AC623120027A19B /* FriendChattingView.swift */ = {isa = PBXFileReference; lastKnownFileType = sourcecode.swift; path = FriendChattingView.swift; sourceTree = "<group>"; };
		846622BD2AC6234B0027A19B /* ConnectView.swift */ = {isa = PBXFileReference; lastKnownFileType = sourcecode.swift; path = ConnectView.swift; sourceTree = "<group>"; };
		846622BF2AC6236A0027A19B /* VideoCallingView.swift */ = {isa = PBXFileReference; lastKnownFileType = sourcecode.swift; path = VideoCallingView.swift; sourceTree = "<group>"; };
		846622C22AC623D30027A19B /* CustomView.swift */ = {isa = PBXFileReference; lastKnownFileType = sourcecode.swift; path = CustomView.swift; sourceTree = "<group>"; };
/* End PBXFileReference section */

/* Begin PBXFrameworksBuildPhase section */
		8466228C2AC6209B0027A19B /* Frameworks */ = {
			isa = PBXFrameworksBuildPhase;
			buildActionMask = 2147483647;
			files = (
			);
			runOnlyForDeploymentPostprocessing = 0;
		};
/* End PBXFrameworksBuildPhase section */

/* Begin PBXGroup section */
		846622862AC6209B0027A19B = {
			isa = PBXGroup;
			children = (
				846622912AC6209B0027A19B /* TwoP */,
				846622902AC6209B0027A19B /* Products */,
			);
			sourceTree = "<group>";
		};
		846622902AC6209B0027A19B /* Products */ = {
			isa = PBXGroup;
			children = (
				8466228F2AC6209B0027A19B /* TwoP.app */,
			);
			name = Products;
			sourceTree = "<group>";
		};
		846622912AC6209B0027A19B /* TwoP */ = {
			isa = PBXGroup;
			children = (
				846622982AC6209C0027A19B /* Preview Content */,
				846622C42AC625300027A19B /* View */,
				846622922AC6209B0027A19B /* TwoPApp.swift */,
				846622942AC6209B0027A19B /* ContentView.swift */,
				846622962AC6209C0027A19B /* Assets.xcassets */,
				8466229B2AC6209C0027A19B /* Persistence.swift */,
				8466229D2AC6209C0027A19B /* TwoP.xcdatamodeld */,
			);
			path = TwoP;
			sourceTree = "<group>";
		};
		846622982AC6209C0027A19B /* Preview Content */ = {
			isa = PBXGroup;
			children = (
				846622992AC6209C0027A19B /* Preview Assets.xcassets */,
			);
			path = "Preview Content";
			sourceTree = "<group>";
		};
		846622A52AC621590027A19B /* LogInUpScreens */ = {
			isa = PBXGroup;
			children = (
				846622A62AC6216F0027A19B /* WelcomeScreenView.swift */,
				846622A82AC621BC0027A19B /* LogInView.swift */,
				846622AA2AC621E30027A19B /* SignUpView.swift */,
			);
			path = LogInUpScreens;
			sourceTree = "<group>";
		};
		846622AC2AC622040027A19B /* MainScreens */ = {
			isa = PBXGroup;
			children = (
				846622AD2AC622160027A19B /* MainMenuScreens.swift */,
				846622AF2AC622330027A19B /* HomeScreen.swift */,
				846622B12AC6224F0027A19B /* TasksScreen.swift */,
				846622B32AC6229B0027A19B /* P2PScreen.swift */,
				846622B62AC622C50027A19B /* FriendsScreen.swift */,
				846622B82AC622DC0027A19B /* ProfileScreen.swift */,
			);
			path = MainScreens;
			sourceTree = "<group>";
		};
		846622BA2AC622F80027A19B /* FriendChattingScreens */ = {
			isa = PBXGroup;
			children = (
				846622BB2AC623120027A19B /* FriendChattingView.swift */,
			);
			path = FriendChattingScreens;
			sourceTree = "<group>";
		};
		846622C12AC623B40027A19B /* Supporting Views */ = {
			isa = PBXGroup;
			children = (
				846622C22AC623D30027A19B /* CustomView.swift */,
			);
			path = "Supporting Views";
			sourceTree = "<group>";
		};
		846622C42AC625300027A19B /* View */ = {
			isa = PBXGroup;
			children = (
				846622BD2AC6234B0027A19B /* ConnectView.swift */,
				846622BF2AC6236A0027A19B /* VideoCallingView.swift */,
				846622A52AC621590027A19B /* LogInUpScreens */,
				846622C12AC623B40027A19B /* Supporting Views */,
				846622BA2AC622F80027A19B /* FriendChattingScreens */,
				846622AC2AC622040027A19B /* MainScreens */,
			);
			path = View;
			sourceTree = "<group>";
		};
/* End PBXGroup section */

/* Begin PBXNativeTarget section */
		8466228E2AC6209B0027A19B /* TwoP */ = {
			isa = PBXNativeTarget;
			buildConfigurationList = 846622A22AC6209C0027A19B /* Build configuration list for PBXNativeTarget "TwoP" */;
			buildPhases = (
				8466228B2AC6209B0027A19B /* Sources */,
				8466228C2AC6209B0027A19B /* Frameworks */,
				8466228D2AC6209B0027A19B /* Resources */,
			);
			buildRules = (
			);
			dependencies = (
			);
			name = TwoP;
			productName = TwoP;
			productReference = 8466228F2AC6209B0027A19B /* TwoP.app */;
			productType = "com.apple.product-type.application";
		};
/* End PBXNativeTarget section */

/* Begin PBXProject section */
		846622872AC6209B0027A19B /* Project object */ = {
			isa = PBXProject;
			attributes = {
				BuildIndependentTargetsInParallel = 1;
				LastSwiftUpdateCheck = 1500;
				LastUpgradeCheck = 1500;
				TargetAttributes = {
					8466228E2AC6209B0027A19B = {
						CreatedOnToolsVersion = 15.0;
					};
				};
			};
			buildConfigurationList = 8466228A2AC6209B0027A19B /* Build configuration list for PBXProject "TwoP" */;
			compatibilityVersion = "Xcode 14.0";
			developmentRegion = en;
			hasScannedForEncodings = 0;
			knownRegions = (
				en,
				Base,
			);
			mainGroup = 846622862AC6209B0027A19B;
			productRefGroup = 846622902AC6209B0027A19B /* Products */;
			projectDirPath = "";
			projectRoot = "";
			targets = (
				8466228E2AC6209B0027A19B /* TwoP */,
			);
		};
/* End PBXProject section */

/* Begin PBXResourcesBuildPhase section */
		8466228D2AC6209B0027A19B /* Resources */ = {
			isa = PBXResourcesBuildPhase;
			buildActionMask = 2147483647;
			files = (
				8466229A2AC6209C0027A19B /* Preview Assets.xcassets in Resources */,
				846622972AC6209C0027A19B /* Assets.xcassets in Resources */,
			);
			runOnlyForDeploymentPostprocessing = 0;
		};
/* End PBXResourcesBuildPhase section */

/* Begin PBXSourcesBuildPhase section */
		8466228B2AC6209B0027A19B /* Sources */ = {
			isa = PBXSourcesBuildPhase;
			buildActionMask = 2147483647;
			files = (
				846622BC2AC623120027A19B /* FriendChattingView.swift in Sources */,
				846622A92AC621BC0027A19B /* LogInView.swift in Sources */,
				8466229C2AC6209C0027A19B /* Persistence.swift in Sources */,
				846622BE2AC6234B0027A19B /* ConnectView.swift in Sources */,
				846622B42AC6229B0027A19B /* P2PScreen.swift in Sources */,
				846622A72AC6216F0027A19B /* WelcomeScreenView.swift in Sources */,
				846622B92AC622DC0027A19B /* ProfileScreen.swift in Sources */,
				846622AB2AC621E30027A19B /* SignUpView.swift in Sources */,
				846622B72AC622C50027A19B /* FriendsScreen.swift in Sources */,
				846622C32AC623D30027A19B /* CustomView.swift in Sources */,
				846622B22AC6224F0027A19B /* TasksScreen.swift in Sources */,
				846622952AC6209B0027A19B /* ContentView.swift in Sources */,
				846622B02AC622330027A19B /* HomeScreen.swift in Sources */,
				846622AE2AC622160027A19B /* MainMenuScreens.swift in Sources */,
				846622C02AC6236A0027A19B /* VideoCallingView.swift in Sources */,
				846622932AC6209B0027A19B /* TwoPApp.swift in Sources */,
				8466229F2AC6209C0027A19B /* TwoP.xcdatamodeld in Sources */,
			);
			runOnlyForDeploymentPostprocessing = 0;
		};
/* End PBXSourcesBuildPhase section */

/* Begin XCBuildConfiguration section */
		846622A02AC6209C0027A19B /* Debug */ = {
			isa = XCBuildConfiguration;
			buildSettings = {
				ALWAYS_SEARCH_USER_PATHS = NO;
				ASSETCATALOG_COMPILER_GENERATE_SWIFT_ASSET_SYMBOL_EXTENSIONS = YES;
				CLANG_ANALYZER_NONNULL = YES;
				CLANG_ANALYZER_NUMBER_OBJECT_CONVERSION = YES_AGGRESSIVE;
				CLANG_CXX_LANGUAGE_STANDARD = "gnu++20";
				CLANG_ENABLE_MODULES = YES;
				CLANG_ENABLE_OBJC_ARC = YES;
				CLANG_ENABLE_OBJC_WEAK = YES;
				CLANG_WARN_BLOCK_CAPTURE_AUTORELEASING = YES;
				CLANG_WARN_BOOL_CONVERSION = YES;
				CLANG_WARN_COMMA = YES;
				CLANG_WARN_CONSTANT_CONVERSION = YES;
				CLANG_WARN_DEPRECATED_OBJC_IMPLEMENTATIONS = YES;
				CLANG_WARN_DIRECT_OBJC_ISA_USAGE = YES_ERROR;
				CLANG_WARN_DOCUMENTATION_COMMENTS = YES;
				CLANG_WARN_EMPTY_BODY = YES;
				CLANG_WARN_ENUM_CONVERSION = YES;
				CLANG_WARN_INFINITE_RECURSION = YES;
				CLANG_WARN_INT_CONVERSION = YES;
				CLANG_WARN_NON_LITERAL_NULL_CONVERSION = YES;
				CLANG_WARN_OBJC_IMPLICIT_RETAIN_SELF = YES;
				CLANG_WARN_OBJC_LITERAL_CONVERSION = YES;
				CLANG_WARN_OBJC_ROOT_CLASS = YES_ERROR;
				CLANG_WARN_QUOTED_INCLUDE_IN_FRAMEWORK_HEADER = YES;
				CLANG_WARN_RANGE_LOOP_ANALYSIS = YES;
				CLANG_WARN_STRICT_PROTOTYPES = YES;
				CLANG_WARN_SUSPICIOUS_MOVE = YES;
				CLANG_WARN_UNGUARDED_AVAILABILITY = YES_AGGRESSIVE;
				CLANG_WARN_UNREACHABLE_CODE = YES;
				CLANG_WARN__DUPLICATE_METHOD_MATCH = YES;
				COPY_PHASE_STRIP = NO;
				DEBUG_INFORMATION_FORMAT = dwarf;
				ENABLE_STRICT_OBJC_MSGSEND = YES;
				ENABLE_TESTABILITY = YES;
				ENABLE_USER_SCRIPT_SANDBOXING = YES;
				GCC_C_LANGUAGE_STANDARD = gnu17;
				GCC_DYNAMIC_NO_PIC = NO;
				GCC_NO_COMMON_BLOCKS = YES;
				GCC_OPTIMIZATION_LEVEL = 0;
				GCC_PREPROCESSOR_DEFINITIONS = (
					"DEBUG=1",
					"$(inherited)",
				);
				GCC_WARN_64_TO_32_BIT_CONVERSION = YES;
				GCC_WARN_ABOUT_RETURN_TYPE = YES_ERROR;
				GCC_WARN_UNDECLARED_SELECTOR = YES;
				GCC_WARN_UNINITIALIZED_AUTOS = YES_AGGRESSIVE;
				GCC_WARN_UNUSED_FUNCTION = YES;
				GCC_WARN_UNUSED_VARIABLE = YES;
				IPHONEOS_DEPLOYMENT_TARGET = 17.0;
				LOCALIZATION_PREFERS_STRING_CATALOGS = YES;
				MTL_ENABLE_DEBUG_INFO = INCLUDE_SOURCE;
				MTL_FAST_MATH = YES;
				ONLY_ACTIVE_ARCH = YES;
				SDKROOT = iphoneos;
				SWIFT_ACTIVE_COMPILATION_CONDITIONS = "DEBUG $(inherited)";
				SWIFT_OPTIMIZATION_LEVEL = "-Onone";
			};
			name = Debug;
		};
		846622A12AC6209C0027A19B /* Release */ = {
			isa = XCBuildConfiguration;
			buildSettings = {
				ALWAYS_SEARCH_USER_PATHS = NO;
				ASSETCATALOG_COMPILER_GENERATE_SWIFT_ASSET_SYMBOL_EXTENSIONS = YES;
				CLANG_ANALYZER_NONNULL = YES;
				CLANG_ANALYZER_NUMBER_OBJECT_CONVERSION = YES_AGGRESSIVE;
				CLANG_CXX_LANGUAGE_STANDARD = "gnu++20";
				CLANG_ENABLE_MODULES = YES;
				CLANG_ENABLE_OBJC_ARC = YES;
				CLANG_ENABLE_OBJC_WEAK = YES;
				CLANG_WARN_BLOCK_CAPTURE_AUTORELEASING = YES;
				CLANG_WARN_BOOL_CONVERSION = YES;
				CLANG_WARN_COMMA = YES;
				CLANG_WARN_CONSTANT_CONVERSION = YES;
				CLANG_WARN_DEPRECATED_OBJC_IMPLEMENTATIONS = YES;
				CLANG_WARN_DIRECT_OBJC_ISA_USAGE = YES_ERROR;
				CLANG_WARN_DOCUMENTATION_COMMENTS = YES;
				CLANG_WARN_EMPTY_BODY = YES;
				CLANG_WARN_ENUM_CONVERSION = YES;
				CLANG_WARN_INFINITE_RECURSION = YES;
				CLANG_WARN_INT_CONVERSION = YES;
				CLANG_WARN_NON_LITERAL_NULL_CONVERSION = YES;
				CLANG_WARN_OBJC_IMPLICIT_RETAIN_SELF = YES;
				CLANG_WARN_OBJC_LITERAL_CONVERSION = YES;
				CLANG_WARN_OBJC_ROOT_CLASS = YES_ERROR;
				CLANG_WARN_QUOTED_INCLUDE_IN_FRAMEWORK_HEADER = YES;
				CLANG_WARN_RANGE_LOOP_ANALYSIS = YES;
				CLANG_WARN_STRICT_PROTOTYPES = YES;
				CLANG_WARN_SUSPICIOUS_MOVE = YES;
				CLANG_WARN_UNGUARDED_AVAILABILITY = YES_AGGRESSIVE;
				CLANG_WARN_UNREACHABLE_CODE = YES;
				CLANG_WARN__DUPLICATE_METHOD_MATCH = YES;
				COPY_PHASE_STRIP = NO;
				DEBUG_INFORMATION_FORMAT = "dwarf-with-dsym";
				ENABLE_NS_ASSERTIONS = NO;
				ENABLE_STRICT_OBJC_MSGSEND = YES;
				ENABLE_USER_SCRIPT_SANDBOXING = YES;
				GCC_C_LANGUAGE_STANDARD = gnu17;
				GCC_NO_COMMON_BLOCKS = YES;
				GCC_WARN_64_TO_32_BIT_CONVERSION = YES;
				GCC_WARN_ABOUT_RETURN_TYPE = YES_ERROR;
				GCC_WARN_UNDECLARED_SELECTOR = YES;
				GCC_WARN_UNINITIALIZED_AUTOS = YES_AGGRESSIVE;
				GCC_WARN_UNUSED_FUNCTION = YES;
				GCC_WARN_UNUSED_VARIABLE = YES;
				IPHONEOS_DEPLOYMENT_TARGET = 17.0;
				LOCALIZATION_PREFERS_STRING_CATALOGS = YES;
				MTL_ENABLE_DEBUG_INFO = NO;
				MTL_FAST_MATH = YES;
				SDKROOT = iphoneos;
				SWIFT_COMPILATION_MODE = wholemodule;
				VALIDATE_PRODUCT = YES;
			};
			name = Release;
		};
		846622A32AC6209C0027A19B /* Debug */ = {
			isa = XCBuildConfiguration;
			buildSettings = {
				ASSETCATALOG_COMPILER_APPICON_NAME = AppIcon;
				ASSETCATALOG_COMPILER_GLOBAL_ACCENT_COLOR_NAME = AccentColor;
				CODE_SIGN_STYLE = Automatic;
				CURRENT_PROJECT_VERSION = 1;
				DEVELOPMENT_ASSET_PATHS = "\"TwoP/Preview Content\"";
				ENABLE_PREVIEWS = YES;
				GENERATE_INFOPLIST_FILE = YES;
				INFOPLIST_KEY_UIApplicationSceneManifest_Generation = YES;
				INFOPLIST_KEY_UIApplicationSupportsIndirectInputEvents = YES;
				INFOPLIST_KEY_UILaunchScreen_Generation = YES;
				INFOPLIST_KEY_UISupportedInterfaceOrientations_iPad = "UIInterfaceOrientationPortrait UIInterfaceOrientationPortraitUpsideDown UIInterfaceOrientationLandscapeLeft UIInterfaceOrientationLandscapeRight";
				INFOPLIST_KEY_UISupportedInterfaceOrientations_iPhone = "UIInterfaceOrientationPortrait UIInterfaceOrientationLandscapeLeft UIInterfaceOrientationLandscapeRight";
				LD_RUNPATH_SEARCH_PATHS = (
					"$(inherited)",
					"@executable_path/Frameworks",
				);
				MARKETING_VERSION = 1.0;
				PRODUCT_BUNDLE_IDENTIFIER = com.cangirhabil.TwoP;
				PRODUCT_NAME = "$(TARGET_NAME)";
				SWIFT_EMIT_LOC_STRINGS = YES;
				SWIFT_VERSION = 5.0;
				TARGETED_DEVICE_FAMILY = "1,2";
			};
			name = Debug;
		};
		846622A42AC6209C0027A19B /* Release */ = {
			isa = XCBuildConfiguration;
			buildSettings = {
				ASSETCATALOG_COMPILER_APPICON_NAME = AppIcon;
				ASSETCATALOG_COMPILER_GLOBAL_ACCENT_COLOR_NAME = AccentColor;
				CODE_SIGN_STYLE = Automatic;
				CURRENT_PROJECT_VERSION = 1;
				DEVELOPMENT_ASSET_PATHS = "\"TwoP/Preview Content\"";
				ENABLE_PREVIEWS = YES;
				GENERATE_INFOPLIST_FILE = YES;
				INFOPLIST_KEY_UIApplicationSceneManifest_Generation = YES;
				INFOPLIST_KEY_UIApplicationSupportsIndirectInputEvents = YES;
				INFOPLIST_KEY_UILaunchScreen_Generation = YES;
				INFOPLIST_KEY_UISupportedInterfaceOrientations_iPad = "UIInterfaceOrientationPortrait UIInterfaceOrientationPortraitUpsideDown UIInterfaceOrientationLandscapeLeft UIInterfaceOrientationLandscapeRight";
				INFOPLIST_KEY_UISupportedInterfaceOrientations_iPhone = "UIInterfaceOrientationPortrait UIInterfaceOrientationLandscapeLeft UIInterfaceOrientationLandscapeRight";
				LD_RUNPATH_SEARCH_PATHS = (
					"$(inherited)",
					"@executable_path/Frameworks",
				);
				MARKETING_VERSION = 1.0;
				PRODUCT_BUNDLE_IDENTIFIER = com.cangirhabil.TwoP;
				PRODUCT_NAME = "$(TARGET_NAME)";
				SWIFT_EMIT_LOC_STRINGS = YES;
				SWIFT_VERSION = 5.0;
				TARGETED_DEVICE_FAMILY = "1,2";
			};
			name = Release;
		};
/* End XCBuildConfiguration section */

/* Begin XCConfigurationList section */
		8466228A2AC6209B0027A19B /* Build configuration list for PBXProject "TwoP" */ = {
			isa = XCConfigurationList;
			buildConfigurations = (
				846622A02AC6209C0027A19B /* Debug */,
				846622A12AC6209C0027A19B /* Release */,
			);
			defaultConfigurationIsVisible = 0;
			defaultConfigurationName = Release;
		};
		846622A22AC6209C0027A19B /* Build configuration list for PBXNativeTarget "TwoP" */ = {
			isa = XCConfigurationList;
			buildConfigurations = (
				846622A32AC6209C0027A19B /* Debug */,
				846622A42AC6209C0027A19B /* Release */,
			);
			defaultConfigurationIsVisible = 0;
			defaultConfigurationName = Release;
		};
/* End XCConfigurationList section */

/* Begin XCVersionGroup section */
		8466229D2AC6209C0027A19B /* TwoP.xcdatamodeld */ = {
			isa = XCVersionGroup;
			children = (
				8466229E2AC6209C0027A19B /* TwoP.xcdatamodel */,
			);
			currentVersion = 8466229E2AC6209C0027A19B /* TwoP.xcdatamodel */;
			path = TwoP.xcdatamodeld;
			sourceTree = "<group>";
			versionGroupType = wrapper.xcdatamodel;
		};
/* End XCVersionGroup section */
	};
	rootObject = 846622872AC6209B0027A19B /* Project object */;
}
